{
    "version": 3,
    "terraform_version": "0.11.13",
    "serial": 1,
    "lineage": "87fc0b86-4528-e0ae-52f8-00f51f5a9002",
    "modules": [
        {
            "path": [
                "root"
            ],
            "outputs": {
                "EndpointURL": {
                    "sensitive": false,
                    "type": "string",
                    "value": "https://7bnxriulj5.execute-api.us-east-1.amazonaws.com/dev"
                }
            },
            "resources": {
                "aws_api_gateway_deployment.rest_api": {
                    "type": "aws_api_gateway_deployment",
                    "depends_on": [
                        "aws_api_gateway_rest_api.rest_api"
                    ],
                    "primary": {
                        "id": "7yuc35",
                        "attributes": {
                            "created_date": "2019-05-26T15:43:21Z",
                            "description": "",
                            "execution_arn": "arn:aws:execute-api:us-east-1:121212121212:7bnxriulj5/",
                            "id": "7yuc35",
                            "invoke_url": "https://7bnxriulj5.execute-api.us-east-1.amazonaws.com/",
                            "rest_api_id": "7bnxriulj5"
                        },
                        "meta": {},
                        "tainted": false
                    },
                    "deposed": [],
                    "provider": "provider.aws"
                },
                "aws_api_gateway_rest_api.rest_api": {
                    "type": "aws_api_gateway_rest_api",
                    "depends_on": [
                        "aws_lambda_function.api_handler"
                    ],
                    "primary": {
                        "id": "7bnxriulj5",
                        "attributes": {
                            "api_key_source": "HEADER",
                            "binary_media_types.#": "16",
                            "binary_media_types.0": "application/octet-stream",
                            "binary_media_types.1": "application/x-tar",
                            "binary_media_types.10": "image/jpg",
                            "binary_media_types.11": "image/jpeg",
                            "binary_media_types.12": "image/gif",
                            "binary_media_types.13": "video/ogg",
                            "binary_media_types.14": "video/mpeg",
                            "binary_media_types.15": "video/webm",
                            "binary_media_types.2": "application/zip",
                            "binary_media_types.3": "audio/basic",
                            "binary_media_types.4": "audio/ogg",
                            "binary_media_types.5": "audio/mp4",
                            "binary_media_types.6": "audio/mpeg",
                            "binary_media_types.7": "audio/wav",
                            "binary_media_types.8": "audio/webm",
                            "binary_media_types.9": "image/png",
                            "body": "{\"swagger\": \"2.0\", \"info\": {\"version\": \"1.0\", \"title\": \"burnify\"}, \"schemes\": [\"https\"], \"paths\": {\"/\": {\"get\": {\"consumes\": [\"application/json\"], \"produces\": [\"application/json\"], \"responses\": {\"200\": {\"description\": \"200 response\", \"schema\": {\"$ref\": \"#/definitions/Empty\"}}}, \"x-amazon-apigateway-integration\": {\"responses\": {\"default\": {\"statusCode\": \"200\"}}, \"uri\": \"arn:aws:apigateway:us-east-1:lambda:path/2015-03-31/functions/arn:aws:lambda:us-east-1:121212121212:function:burnify-dev/invocations\", \"passthroughBehavior\": \"when_no_match\", \"httpMethod\": \"POST\", \"contentHandling\": \"CONVERT_TO_TEXT\", \"type\": \"aws_proxy\"}, \"summary\": \"API HomePage\"}}, \"/describe-accounts\": {\"get\": {\"consumes\": [\"application/json\"], \"produces\": [\"application/json\"], \"responses\": {\"200\": {\"description\": \"200 response\", \"schema\": {\"$ref\": \"#/definitions/Empty\"}}}, \"x-amazon-apigateway-integration\": {\"responses\": {\"default\": {\"statusCode\": \"200\"}}, \"uri\": \"arn:aws:apigateway:us-east-1:lambda:path/2015-03-31/functions/arn:aws:lambda:us-east-1:121212121212:function:burnify-dev/invocations\", \"passthroughBehavior\": \"when_no_match\", \"httpMethod\": \"POST\", \"contentHandling\": \"CONVERT_TO_TEXT\", \"type\": \"aws_proxy\"}, \"security\": [{\"sigv4\": []}]}}, \"/create-account\": {\"post\": {\"consumes\": [\"application/json\"], \"produces\": [\"application/json\"], \"responses\": {\"200\": {\"description\": \"200 response\", \"schema\": {\"$ref\": \"#/definitions/Empty\"}}}, \"x-amazon-apigateway-integration\": {\"responses\": {\"default\": {\"statusCode\": \"200\"}}, \"uri\": \"arn:aws:apigateway:us-east-1:lambda:path/2015-03-31/functions/arn:aws:lambda:us-east-1:121212121212:function:burnify-dev/invocations\", \"passthroughBehavior\": \"when_no_match\", \"httpMethod\": \"POST\", \"contentHandling\": \"CONVERT_TO_TEXT\", \"type\": \"aws_proxy\"}, \"security\": [{\"sigv4\": []}]}}, \"/describe-job-status\": {\"get\": {\"consumes\": [\"application/json\"], \"produces\": [\"application/json\"], \"responses\": {\"200\": {\"description\": \"200 response\", \"schema\": {\"$ref\": \"#/definitions/Empty\"}}}, \"x-amazon-apigateway-integration\": {\"responses\": {\"default\": {\"statusCode\": \"200\"}}, \"uri\": \"arn:aws:apigateway:us-east-1:lambda:path/2015-03-31/functions/arn:aws:lambda:us-east-1:121212121212:function:burnify-dev/invocations\", \"passthroughBehavior\": \"when_no_match\", \"httpMethod\": \"POST\", \"contentHandling\": \"CONVERT_TO_TEXT\", \"type\": \"aws_proxy\"}, \"security\": [{\"sigv4\": []}]}}, \"/describe-leases\": {\"get\": {\"consumes\": [\"application/json\"], \"produces\": [\"application/json\"], \"responses\": {\"200\": {\"description\": \"200 response\", \"schema\": {\"$ref\": \"#/definitions/Empty\"}}}, \"x-amazon-apigateway-integration\": {\"responses\": {\"default\": {\"statusCode\": \"200\"}}, \"uri\": \"arn:aws:apigateway:us-east-1:lambda:path/2015-03-31/functions/arn:aws:lambda:us-east-1:121212121212:function:burnify-dev/invocations\", \"passthroughBehavior\": \"when_no_match\", \"httpMethod\": \"POST\", \"contentHandling\": \"CONVERT_TO_TEXT\", \"type\": \"aws_proxy\"}, \"security\": [{\"sigv4\": []}]}}, \"/delete-lease\": {\"post\": {\"consumes\": [\"application/json\"], \"produces\": [\"application/json\"], \"responses\": {\"200\": {\"description\": \"200 response\", \"schema\": {\"$ref\": \"#/definitions/Empty\"}}}, \"x-amazon-apigateway-integration\": {\"responses\": {\"default\": {\"statusCode\": \"200\"}}, \"uri\": \"arn:aws:apigateway:us-east-1:lambda:path/2015-03-31/functions/arn:aws:lambda:us-east-1:121212121212:function:burnify-dev/invocations\", \"passthroughBehavior\": \"when_no_match\", \"httpMethod\": \"POST\", \"contentHandling\": \"CONVERT_TO_TEXT\", \"type\": \"aws_proxy\"}, \"security\": [{\"sigv4\": []}]}}, \"/create-lease\": {\"post\": {\"consumes\": [\"application/json\"], \"produces\": [\"application/json\"], \"responses\": {\"200\": {\"description\": \"200 response\", \"schema\": {\"$ref\": \"#/definitions/Empty\"}}}, \"x-amazon-apigateway-integration\": {\"responses\": {\"default\": {\"statusCode\": \"200\"}}, \"uri\": \"arn:aws:apigateway:us-east-1:lambda:path/2015-03-31/functions/arn:aws:lambda:us-east-1:121212121212:function:burnify-dev/invocations\", \"passthroughBehavior\": \"when_no_match\", \"httpMethod\": \"POST\", \"contentHandling\": \"CONVERT_TO_TEXT\", \"type\": \"aws_proxy\"}, \"security\": [{\"sigv4\": []}]}}}, \"definitions\": {\"Empty\": {\"type\": \"object\", \"title\": \"Empty Schema\"}}, \"x-amazon-apigateway-binary-media-types\": [\"application/octet-stream\", \"application/x-tar\", \"application/zip\", \"audio/basic\", \"audio/ogg\", \"audio/mp4\", \"audio/mpeg\", \"audio/wav\", \"audio/webm\", \"image/png\", \"image/jpg\", \"image/jpeg\", \"image/gif\", \"video/ogg\", \"video/mpeg\", \"video/webm\"], \"securityDefinitions\": {\"sigv4\": {\"in\": \"header\", \"type\": \"apiKey\", \"name\": \"Authorization\", \"x-amazon-apigateway-authtype\": \"awsSigv4\"}}}",
                            "created_date": "2019-05-26T15:43:20Z",
                            "description": "",
                            "endpoint_configuration.#": "1",
                            "endpoint_configuration.0.types.#": "1",
                            "endpoint_configuration.0.types.0": "EDGE",
                            "execution_arn": "arn:aws:execute-api:us-east-1:121212121212:7bnxriulj5",
                            "id": "7bnxriulj5",
                            "minimum_compression_size": "-1",
                            "name": "burnify",
                            "policy": "",
                            "root_resource_id": "slpxr2sfmc"
                        },
                        "meta": {},
                        "tainted": false
                    },
                    "deposed": [],
                    "provider": "provider.aws"
                },
                "aws_api_gateway_stage.rest_api": {
                    "type": "aws_api_gateway_stage",
                    "depends_on": [
                        "aws_api_gateway_deployment.rest_api",
                        "aws_api_gateway_rest_api.rest_api"
                    ],
                    "primary": {
                        "id": "ags-7bnxriulj5-dev",
                        "attributes": {
                            "access_log_settings.#": "0",
                            "cache_cluster_enabled": "false",
                            "cache_cluster_size": "",
                            "client_certificate_id": "",
                            "deployment_id": "7yuc35",
                            "description": "",
                            "documentation_version": "",
                            "execution_arn": "arn:aws:execute-api:us-east-1:121212121212:7bnxriulj5/dev",
                            "id": "ags-7bnxriulj5-dev",
                            "invoke_url": "https://7bnxriulj5.execute-api.us-east-1.amazonaws.com/dev",
                            "rest_api_id": "7bnxriulj5",
                            "stage_name": "dev",
                            "tags.%": "0",
                            "variables.%": "0",
                            "xray_tracing_enabled": "false"
                        },
                        "meta": {},
                        "tainted": false
                    },
                    "deposed": [],
                    "provider": "provider.aws"
                },
                "aws_cloudwatch_event_rule.lease_gc-event": {
                    "type": "aws_cloudwatch_event_rule",
                    "depends_on": [],
                    "primary": {
                        "id": "lease_gc-event",
                        "attributes": {
                            "arn": "arn:aws:events:us-east-1:121212121212:rule/lease_gc-event",
                            "description": "",
                            "id": "lease_gc-event",
                            "is_enabled": "true",
                            "name": "lease_gc-event",
                            "role_arn": "",
                            "schedule_expression": "rate(1 hour)",
                            "tags.%": "0"
                        },
                        "meta": {},
                        "tainted": false
                    },
                    "deposed": [],
                    "provider": "provider.aws"
                },
                "aws_cloudwatch_event_target.lease_gc-event": {
                    "type": "aws_cloudwatch_event_target",
                    "depends_on": [
                        "aws_cloudwatch_event_rule.lease_gc-event",
                        "aws_lambda_function.lease_gc"
                    ],
                    "primary": {
                        "id": "lease_gc-event-lease_gc-event",
                        "attributes": {
                            "arn": "arn:aws:lambda:us-east-1:121212121212:function:burnify-dev-lease_gc",
                            "id": "lease_gc-event-lease_gc-event",
                            "input": "",
                            "input_path": "",
                            "role_arn": "",
                            "rule": "lease_gc-event",
                            "target_id": "lease_gc-event"
                        },
                        "meta": {},
                        "tainted": false
                    },
                    "deposed": [],
                    "provider": "provider.aws"
                },
                "aws_iam_role.default-role": {
                    "type": "aws_iam_role",
                    "depends_on": [],
                    "primary": {
                        "id": "burnify-dev",
                        "attributes": {
                            "arn": "arn:aws:iam::121212121212:role/burnify-dev",
                            "assume_role_policy": "{\"Version\":\"2012-10-17\",\"Statement\":[{\"Sid\":\"\",\"Effect\":\"Allow\",\"Principal\":{\"Service\":\"lambda.amazonaws.com\"},\"Action\":\"sts:AssumeRole\"}]}",
                            "create_date": "2019-05-26T15:43:10Z",
                            "description": "",
                            "force_detach_policies": "false",
                            "id": "burnify-dev",
                            "max_session_duration": "3600",
                            "name": "burnify-dev",
                            "path": "/",
                            "tags.%": "0",
                            "unique_id": "AROAZAKWJFSI2IBWTL5Z4"
                        },
                        "meta": {},
                        "tainted": false
                    },
                    "deposed": [],
                    "provider": "provider.aws"
                },
                "aws_iam_role_policy.default-role": {
                    "type": "aws_iam_role_policy",
                    "depends_on": [
                        "aws_iam_role.default-role"
                    ],
                    "primary": {
                        "id": "burnify-dev:default-rolePolicy",
                        "attributes": {
                            "id": "burnify-dev:default-rolePolicy",
                            "name": "default-rolePolicy",
                            "policy": "{\"Version\": \"2012-10-17\", \"Statement\": [{\"Effect\": \"Allow\", \"Action\": [\"logs:CreateLogGroup\", \"logs:CreateLogStream\", \"logs:PutLogEvents\"], \"Resource\": \"arn:aws:logs:*:*:*\"}]}",
                            "role": "burnify-dev"
                        },
                        "meta": {},
                        "tainted": false
                    },
                    "deposed": [],
                    "provider": "provider.aws"
                },
                "aws_lambda_function.api_handler": {
                    "type": "aws_lambda_function",
                    "depends_on": [
                        "aws_iam_role.default-role"
                    ],
                    "primary": {
                        "id": "burnify-dev",
                        "attributes": {
                            "arn": "arn:aws:lambda:us-east-1:121212121212:function:burnify-dev",
                            "dead_letter_config.#": "0",
                            "description": "",
                            "environment.#": "0",
                            "filename": "./deployment.zip",
                            "function_name": "burnify-dev",
                            "handler": "app.app",
                            "id": "burnify-dev",
                            "invoke_arn": "arn:aws:apigateway:us-east-1:lambda:path/2015-03-31/functions/arn:aws:lambda:us-east-1:121212121212:function:burnify-dev/invocations",
                            "kms_key_arn": "",
                            "last_modified": "2019-05-26T15:43:19.638+0000",
                            "layers.#": "0",
                            "memory_size": "128",
                            "publish": "false",
                            "qualified_arn": "arn:aws:lambda:us-east-1:121212121212:function:burnify-dev:$LATEST",
                            "reserved_concurrent_executions": "-1",
                            "role": "arn:aws:iam::121212121212:role/burnify-dev",
                            "runtime": "python3.7",
                            "source_code_hash": "77I5p20n4XhiI6E7QeBZyD6kGP2fhFprD5p7tgU3kLA=",
                            "source_code_size": "145700",
                            "tags.%": "1",
                            "tags.aws-chalice": "version=1.8.0:stage=dev:app=burnify",
                            "timeout": "60",
                            "tracing_config.#": "1",
                            "tracing_config.0.mode": "PassThrough",
                            "version": "$LATEST",
                            "vpc_config.#": "0"
                        },
                        "meta": {
                            "e2bfb730-ecaa-11e6-8f88-34363bc7c4c0": {
                                "create": 600000000000
                            }
                        },
                        "tainted": false
                    },
                    "deposed": [],
                    "provider": "provider.aws"
                },
                "aws_lambda_function.lease_gc": {
                    "type": "aws_lambda_function",
                    "depends_on": [
                        "aws_iam_role.default-role"
                    ],
                    "primary": {
                        "id": "burnify-dev-lease_gc",
                        "attributes": {
                            "arn": "arn:aws:lambda:us-east-1:121212121212:function:burnify-dev-lease_gc",
                            "dead_letter_config.#": "0",
                            "description": "",
                            "environment.#": "0",
                            "filename": "./deployment.zip",
                            "function_name": "burnify-dev-lease_gc",
                            "handler": "app.lease_gc",
                            "id": "burnify-dev-lease_gc",
                            "invoke_arn": "arn:aws:apigateway:us-east-1:lambda:path/2015-03-31/functions/arn:aws:lambda:us-east-1:121212121212:function:burnify-dev-lease_gc/invocations",
                            "kms_key_arn": "",
                            "last_modified": "2019-05-26T15:43:20.016+0000",
                            "layers.#": "0",
                            "memory_size": "128",
                            "publish": "false",
                            "qualified_arn": "arn:aws:lambda:us-east-1:121212121212:function:burnify-dev-lease_gc:$LATEST",
                            "reserved_concurrent_executions": "-1",
                            "role": "arn:aws:iam::121212121212:role/burnify-dev",
                            "runtime": "python3.7",
                            "source_code_hash": "77I5p20n4XhiI6E7QeBZyD6kGP2fhFprD5p7tgU3kLA=",
                            "source_code_size": "145700",
                            "tags.%": "1",
                            "tags.aws-chalice": "version=1.8.0:stage=dev:app=burnify",
                            "timeout": "60",
                            "tracing_config.#": "1",
                            "tracing_config.0.mode": "PassThrough",
                            "version": "$LATEST",
                            "vpc_config.#": "0"
                        },
                        "meta": {
                            "e2bfb730-ecaa-11e6-8f88-34363bc7c4c0": {
                                "create": 600000000000
                            }
                        },
                        "tainted": false
                    },
                    "deposed": [],
                    "provider": "provider.aws"
                },
                "aws_lambda_function.sfn_account_build": {
                    "type": "aws_lambda_function",
                    "depends_on": [
                        "aws_iam_role.default-role"
                    ],
                    "primary": {
                        "id": "burnify-dev-sfn_account_build",
                        "attributes": {
                            "arn": "arn:aws:lambda:us-east-1:121212121212:function:burnify-dev-sfn_account_build",
                            "dead_letter_config.#": "0",
                            "description": "",
                            "environment.#": "0",
                            "filename": "./deployment.zip",
                            "function_name": "burnify-dev-sfn_account_build",
                            "handler": "app.sfn_account_build",
                            "id": "burnify-dev-sfn_account_build",
                            "invoke_arn": "arn:aws:apigateway:us-east-1:lambda:path/2015-03-31/functions/arn:aws:lambda:us-east-1:121212121212:function:burnify-dev-sfn_account_build/invocations",
                            "kms_key_arn": "",
                            "last_modified": "2019-05-26T15:43:19.174+0000",
                            "layers.#": "0",
                            "memory_size": "128",
                            "publish": "false",
                            "qualified_arn": "arn:aws:lambda:us-east-1:121212121212:function:burnify-dev-sfn_account_build:$LATEST",
                            "reserved_concurrent_executions": "-1",
                            "role": "arn:aws:iam::121212121212:role/burnify-dev",
                            "runtime": "python3.7",
                            "source_code_hash": "77I5p20n4XhiI6E7QeBZyD6kGP2fhFprD5p7tgU3kLA=",
                            "source_code_size": "145700",
                            "tags.%": "1",
                            "tags.aws-chalice": "version=1.8.0:stage=dev:app=burnify",
                            "timeout": "60",
                            "tracing_config.#": "1",
                            "tracing_config.0.mode": "PassThrough",
                            "version": "$LATEST",
                            "vpc_config.#": "0"
                        },
                        "meta": {
                            "e2bfb730-ecaa-11e6-8f88-34363bc7c4c0": {
                                "create": 600000000000
                            }
                        },
                        "tainted": false
                    },
                    "deposed": [],
                    "provider": "provider.aws"
                },
                "aws_lambda_function.sfn_account_create": {
                    "type": "aws_lambda_function",
                    "depends_on": [
                        "aws_iam_role.default-role"
                    ],
                    "primary": {
                        "id": "burnify-dev-sfn_account_create",
                        "attributes": {
                            "arn": "arn:aws:lambda:us-east-1:121212121212:function:burnify-dev-sfn_account_create",
                            "dead_letter_config.#": "0",
                            "description": "",
                            "environment.#": "0",
                            "filename": "./deployment.zip",
                            "function_name": "burnify-dev-sfn_account_create",
                            "handler": "app.sfn_account_create",
                            "id": "burnify-dev-sfn_account_create",
                            "invoke_arn": "arn:aws:apigateway:us-east-1:lambda:path/2015-03-31/functions/arn:aws:lambda:us-east-1:121212121212:function:burnify-dev-sfn_account_create/invocations",
                            "kms_key_arn": "",
                            "last_modified": "2019-05-26T15:43:20.439+0000",
                            "layers.#": "0",
                            "memory_size": "128",
                            "publish": "false",
                            "qualified_arn": "arn:aws:lambda:us-east-1:121212121212:function:burnify-dev-sfn_account_create:$LATEST",
                            "reserved_concurrent_executions": "-1",
                            "role": "arn:aws:iam::121212121212:role/burnify-dev",
                            "runtime": "python3.7",
                            "source_code_hash": "77I5p20n4XhiI6E7QeBZyD6kGP2fhFprD5p7tgU3kLA=",
                            "source_code_size": "145700",
                            "tags.%": "1",
                            "tags.aws-chalice": "version=1.8.0:stage=dev:app=burnify",
                            "timeout": "60",
                            "tracing_config.#": "1",
                            "tracing_config.0.mode": "PassThrough",
                            "version": "$LATEST",
                            "vpc_config.#": "0"
                        },
                        "meta": {
                            "e2bfb730-ecaa-11e6-8f88-34363bc7c4c0": {
                                "create": 600000000000
                            }
                        },
                        "tainted": false
                    },
                    "deposed": [],
                    "provider": "provider.aws"
                },
                "aws_lambda_function.sfn_account_create_poll": {
                    "type": "aws_lambda_function",
                    "depends_on": [
                        "aws_iam_role.default-role"
                    ],
                    "primary": {
                        "id": "burnify-dev-sfn_account_create_poll",
                        "attributes": {
                            "arn": "arn:aws:lambda:us-east-1:121212121212:function:burnify-dev-sfn_account_create_poll",
                            "dead_letter_config.#": "0",
                            "description": "",
                            "environment.#": "0",
                            "filename": "./deployment.zip",
                            "function_name": "burnify-dev-sfn_account_create_poll",
                            "handler": "app.sfn_account_create_poll",
                            "id": "burnify-dev-sfn_account_create_poll",
                            "invoke_arn": "arn:aws:apigateway:us-east-1:lambda:path/2015-03-31/functions/arn:aws:lambda:us-east-1:121212121212:function:burnify-dev-sfn_account_create_poll/invocations",
                            "kms_key_arn": "",
                            "last_modified": "2019-05-26T15:43:20.853+0000",
                            "layers.#": "0",
                            "memory_size": "128",
                            "publish": "false",
                            "qualified_arn": "arn:aws:lambda:us-east-1:121212121212:function:burnify-dev-sfn_account_create_poll:$LATEST",
                            "reserved_concurrent_executions": "-1",
                            "role": "arn:aws:iam::121212121212:role/burnify-dev",
                            "runtime": "python3.7",
                            "source_code_hash": "77I5p20n4XhiI6E7QeBZyD6kGP2fhFprD5p7tgU3kLA=",
                            "source_code_size": "145700",
                            "tags.%": "1",
                            "tags.aws-chalice": "version=1.8.0:stage=dev:app=burnify",
                            "timeout": "60",
                            "tracing_config.#": "1",
                            "tracing_config.0.mode": "PassThrough",
                            "version": "$LATEST",
                            "vpc_config.#": "0"
                        },
                        "meta": {
                            "e2bfb730-ecaa-11e6-8f88-34363bc7c4c0": {
                                "create": 600000000000
                            }
                        },
                        "tainted": false
                    },
                    "deposed": [],
                    "provider": "provider.aws"
                },
                "aws_lambda_permission.lease_gc-event": {
                    "type": "aws_lambda_permission",
                    "depends_on": [
                        "aws_cloudwatch_event_rule.lease_gc-event",
                        "aws_lambda_function.lease_gc"
                    ],
                    "primary": {
                        "id": "terraform-20190526154318690200000001",
                        "attributes": {
                            "action": "lambda:InvokeFunction",
                            "function_name": "arn:aws:lambda:us-east-1:121212121212:function:burnify-dev-lease_gc",
                            "id": "terraform-20190526154318690200000001",
                            "principal": "apigateway.amazonaws.com",
                            "qualifier": "",
                            "source_arn": "arn:aws:events:us-east-1:121212121212:rule/lease_gc-event",
                            "statement_id": "terraform-20190526154318690200000001"
                        },
                        "meta": {},
                        "tainted": false
                    },
                    "deposed": [],
                    "provider": "provider.aws"
                },
                "aws_lambda_permission.rest_api": {
                    "type": "aws_lambda_permission",
                    "depends_on": [
                        "aws_api_gateway_rest_api.rest_api",
                        "aws_lambda_function.api_handler"
                    ],
                    "primary": {
                        "id": "terraform-20190526154319145600000002",
                        "attributes": {
                            "action": "lambda:InvokeFunction",
                            "function_name": "arn:aws:lambda:us-east-1:121212121212:function:burnify-dev",
                            "id": "terraform-20190526154319145600000002",
                            "principal": "apigateway.amazonaws.com",
                            "qualifier": "",
                            "source_arn": "arn:aws:execute-api:us-east-1:121212121212:7bnxriulj5/*/*/*",
                            "statement_id": "terraform-20190526154319145600000002"
                        },
                        "meta": {},
                        "tainted": false
                    },
                    "deposed": [],
                    "provider": "provider.aws"
                },
                "data.aws_caller_identity.chalice": {
                    "type": "aws_caller_identity",
                    "depends_on": [],
                    "primary": {
                        "id": "2019-05-26 15:43:05.809451 +0000 UTC",
                        "attributes": {
                            "account_id": "121212121212",
                            "arn": "arn:aws:iam::121212121212:user/deputy",
                            "id": "2019-05-26 15:43:05.809451 +0000 UTC",
                            "user_id": "AIDAJEYOKI23IFRAGELGM"
                        },
                        "meta": {},
                        "tainted": false
                    },
                    "deposed": [],
                    "provider": "provider.aws"
                },
                "data.aws_region.chalice": {
                    "type": "aws_region",
                    "depends_on": [],
                    "primary": {
                        "id": "us-east-1",
                        "attributes": {
                            "description": "US East (N. Virginia)",
                            "endpoint": "ec2.us-east-1.amazonaws.com",
                            "id": "us-east-1",
                            "name": "us-east-1"
                        },
                        "meta": {},
                        "tainted": false
                    },
                    "deposed": [],
                    "provider": "provider.aws"
                }
            },
            "depends_on": []
        }
    ]
}
